{
  "name": "hpluslogs",
  "lockfileVersion": 3,
  "requires": true,
  "packages": {
    "": {
      "dependencies": {
        "@mdream/rust-linux-x64-gnu": "^1.4.1",
        "mdream": "^1.4.1"
      }
    },
    "node_modules/@mdream/rust-android-arm-eabi": {
      "version": "1.4.1",
      "resolved": "https://registry.npmjs.org/@mdream/rust-android-arm-eabi/-/rust-android-arm-eabi-1.4.1.tgz",
      "integrity": "sha512-8dzvvVo5ShiPzxA9tNEpUaZS2eHN6FIhvIwDTqYKNkmnQl1Tz+xj6UU29MB0HQKr5ORPntTxMvxZf53qmUcJBw==",
      "cpu": [
        "arm"
      ],
      "optional": true,
      "os": [
        "android"
      ],
      "engines": {
        "node": ">= 22.0.0"
      }
    },
    "node_modules/@mdream/rust-android-arm64": {
      "version": "1.4.1",
      "resolved": "https://registry.npmjs.org/@mdream/rust-android-arm64/-/rust-android-arm64-1.4.1.tgz",
      "integrity": "sha512-yFZlEMUCWh1F7st7u73LdognePiJwWy37AC1NuQmfX3feTJb6HYj7AAOmJTg4vF1LTVohbCLB/0wo0ypOH32rg==",
      "cpu": [
        "arm64"
      ],
      "optional": true,
      "os": [
        "android"
      ],
      "engines": {
        "node": ">= 22.0.0"
      }
    },
    "node_modules/@mdream/rust-darwin-arm64": {
      "version": "1.4.1",
      "resolved": "https://registry.npmjs.org/@mdream/rust-darwin-arm64/-/rust-darwin-arm64-1.4.1.tgz",
      "integrity": "sha512-43auFsJAWYDtmAAbmvsB4RY44lUothJLgVGgzRa4fxKbSqP4L3EpOgIUU529mziVVed1CMk9TyEtdL7siwzwCA==",
      "cpu": [
        "arm64"
      ],
      "optional": true,
      "os": [
        "darwin"
      ],
      "engines": {
        "node": ">= 22.0.0"
      }
    },
    "node_modules/@mdream/rust-darwin-x64": {
      "version": "1.4.1",
      "resolved": "https://registry.npmjs.org/@mdream/rust-darwin-x64/-/rust-darwin-x64-1.4.1.tgz",
      "integrity": "sha512-tGFCTGNu5mwhOnYOJ+Sc+6YD7aZwc46vWCrf7Xolsy7fj9/eRoghzrt/k45p5lkNybo2JvHu21bU8w5M3oknPw==",
      "cpu": [
        "x64"
      ],
      "optional": true,
      "os": [
        "darwin"
      ],
      "engines": {
        "node": ">= 22.0.0"
      }
    },
    "node_modules/@mdream/rust-freebsd-x64": {
      "version": "1.4.1",
      "resolved": "https://registry.npmjs.org/@mdream/rust-freebsd-x64/-/rust-freebsd-x64-1.4.1.tgz",
      "integrity": "sha512-FPSdQjb454g6AMHP1YrSnCuyHge8Q8Vsgt41kQPCCN6HFj/F9eD1/p5UEbsOlDODdjgrH0LzvgIVglJG6ZLF+g==",
      "cpu": [
        "x64"
      ],
      "optional": true,
      "os": [
        "freebsd"
      ],
      "engines": {
        "node": ">= 22.0.0"
      }
    },
    "node_modules/@mdream/rust-linux-arm-gnueabihf": {
      "version": "1.4.1",
      "resolved": "https://registry.npmjs.org/@mdream/rust-linux-arm-gnueabihf/-/rust-linux-arm-gnueabihf-1.4.1.tgz",
      "integrity": "sha512-W+zKiRwETSgsLGSXIORaqjLrjQhakf6iWQ0J0AqgYtbA54XtTld1n+fzBFlBkEPzvoZ9tSQwlfybOlfJ4+Oy3A==",
      "cpu": [
        "arm"
      ],
      "optional": true,
      "os": [
        "linux"
      ],
      "engines": {
        "node": ">= 22.0.0"
      }
    },
    "node_modules/@mdream/rust-linux-arm64-gnu": {
      "version": "1.4.1",
      "resolved": "https://registry.npmjs.org/@mdream/rust-linux-arm64-gnu/-/rust-linux-arm64-gnu-1.4.1.tgz",
      "integrity": "sha512-k4otnx2NEpd0VJzUoSeZ//vUA0qtTJ2vP2wNq8sneSxMPRYCMuGSneJjqOQ1hF1XqeAwIeoVHeYLJk2wHWXDUQ==",
      "cpu": [
        "arm64"
      ],
      "optional": true,
      "os": [
        "linux"
      ],
      "engines": {
        "node": ">= 22.0.0"
      }
    },
    "node_modules/@mdream/rust-linux-arm64-musl": {
      "version": "1.4.1",
      "resolved": "https://registry.npmjs.org/@mdream/rust-linux-arm64-musl/-/rust-linux-arm64-musl-1.4.1.tgz",
      "integrity": "sha512-zWuIxQqJW85I6LwJZq6g33NhuLlmttutDKm5Rzjpyp7wLjJEGSIq3gPDRckWfY2IidpqUEGF+IwJVg2iDfgpDQ==",
      "cpu": [
        "arm64"
      ],
      "optional": true,
      "os": [
        "linux"
      ],
      "engines": {
        "node": ">= 22.0.0"
      }
    },
    "node_modules/@mdream/rust-linux-x64-gnu": {
      "version": "1.4.1",
      "resolved": "https://registry.npmjs.org/@mdream/rust-linux-x64-gnu/-/rust-linux-x64-gnu-1.4.1.tgz",
      "integrity": "sha512-j4nLKEGGseXyRbjLpur42/bBbD1xGboBqgAvKlGHzh/cXZgGy/dQ8i2idn24nI1keybwGSZmHDJ0TP5VUYxeHg==",
      "cpu": [
        "x64"
      ],
      "os": [
        "linux"
      ],
      "engines": {
        "node": ">= 22.0.0"
      }
    },
    "node_modules/@mdream/rust-linux-x64-musl": {
      "version": "1.4.1",
      "resolved": "https://registry.npmjs.org/@mdream/rust-linux-x64-musl/-/rust-linux-x64-musl-1.4.1.tgz",
      "integrity": "sha512-aOedq1YP9VmR8Xr860Edn4tYXreiuLr/Y2a3zUwFwjYpo1jTmcDO1ng94e0xA0eRFoHHIW+eMUMUV+UBqd3ZhA==",
      "cpu": [
        "x64"
      ],
      "optional": true,
      "os": [
        "linux"
      ],
      "engines": {
        "node": ">= 22.0.0"
      }
    },
    "node_modules/@mdream/rust-win32-arm64-msvc": {
      "version": "1.4.1",
      "resolved": "https://registry.npmjs.org/@mdream/rust-win32-arm64-msvc/-/rust-win32-arm64-msvc-1.4.1.tgz",
      "integrity": "sha512-42//jk6HgWmVpSdCqFE1bO8w7bFnTegWGelzX0P/QJ9lph0xLieamFw6qU5B5taZ3k5Ro30g8N+3Rpomw6aOcQ==",
      "cpu": [
        "arm64"
      ],
      "optional": true,
      "os": [
        "win32"
      ],
      "engines": {
        "node": ">= 22.0.0"
      }
    },
    "node_modules/@mdream/rust-win32-x64-msvc": {
      "version": "1.4.1",
      "resolved": "https://registry.npmjs.org/@mdream/rust-win32-x64-msvc/-/rust-win32-x64-msvc-1.4.1.tgz",
      "integrity": "sha512-Us5FM0VtRYwtZ/998JfXaO2CBhkebAvnKZlv+xLmEsPScgN7nIDqKBP+QPlrDT+UIbTK6qLoUb7hmWBwaQTPkA==",
      "cpu": [
        "x64"
      ],
      "optional": true,
      "os": [
        "win32"
      ],
      "engines": {
        "node": ">= 22.0.0"
      }
    },
    "node_modules/mdream": {
      "version": "1.4.1",
      "resolved": "https://registry.npmjs.org/mdream/-/mdream-1.4.1.tgz",
      "integrity": "sha512-9+os9chvY/o77pPRleoqcqH/zQ8hDG6p2Z0UMM31h0x/mZnLwiHfJxrMV3YaZDvVuRosHp0Px1O/s4CihXMg8A==",
      "bin": {
        "mdream": "bin/mdream.mjs"
      },
      "optionalDependencies": {
        "@mdream/rust-android-arm-eabi": "1.4.1",
        "@mdream/rust-android-arm64": "1.4.1",
        "@mdream/rust-darwin-arm64": "1.4.1",
        "@mdream/rust-darwin-x64": "1.4.1",
        "@mdream/rust-freebsd-x64": "1.4.1",
        "@mdream/rust-linux-arm-gnueabihf": "1.4.1",
        "@mdream/rust-linux-arm64-gnu": "1.4.1",
        "@mdream/rust-linux-arm64-musl": "1.4.1",
        "@mdream/rust-linux-x64-gnu": "1.4.1",
        "@mdream/rust-linux-x64-musl": "1.4.1",
        "@mdream/rust-wasm32-wasi": "1.4.1",
        "@mdream/rust-win32-arm64-msvc": "1.4.1",
        "@mdream/rust-win32-x64-msvc": "1.4.1"
      }
    }
  }
}
